rules_version = '2';
service cloud.firestore {
  match /databases/{database}/documents {
    // ===============================================================
    // Assumed Data Model
    // ===============================================================
    //
    // Collection: invoices
    // Document ID: auto-generated
    // Fields: id, number, date, uid, status, docType, taxType, items, grand, etc.
    //
    // Collection: proforma_invoices
    // Document ID: auto-generated
    // Fields: id, number, date, uid, status, items, grand, etc.
    //
    // Collection: customers
    // Document ID: auto-generated
    // Fields: id, name, uid, email, phone, gstin, etc.
    //
    // Collection: items
    // Document ID: auto-generated
    // Fields: id, name, uid, rate, tax, hsn, etc.
    //
    // Collection: quotations
    // Document ID: auto-generated
    // Fields: id, number, date, uid, status, items, grand, etc.
    //
    // Collection: company
    // Document ID: userId
    // Fields: name, gstin, uid, email, address, etc.
    //
    // ===============================================================

    // ===============================================================
    // Helper Functions
    // ===============================================================
    
    function isAuthenticated() {
      return request.auth != null;
    }

    function isOwner(userId) {
      return isAuthenticated() && request.auth.uid == userId;
    }

    function isDocOwner() {
      return isAuthenticated() && request.auth.uid == resource.data.uid;
    }

    function uidUnchanged() {
      return !('uid' in request.resource.data) || request.resource.data.uid == request.auth.uid;
    }

    function uidNotModified() {
      return !('uid' in request.resource.data) || request.resource.data.uid == resource.data.uid;
    }

    function isAdmin() {
      return isAuthenticated() && (
        request.auth.token.email == "akhil.sow007@gmail.com" && 
        request.auth.token.email_verified == true
      );
    }

    function hasRequiredFields(fields) {
      return request.resource.data.keys().hasAll(fields);
    }

    function isValidEmail(email) {
      return email is string && email.matches("^[a-zA-Z0-9._%+-]+@[a-zA-Z0-9.-]+\\.[a-zA-Z]{2,}$");
    }

    // ===============================================================
    // Domain Validators
    // ===============================================================

    function isValidInvoice(data) {
      return data.id is string && 
             data.number is string && 
             data.uid == request.auth.uid &&
             data.grand is number &&
             data.items is list;
    }

    function isValidCustomer(data) {
      return data.id is string && 
             data.name is string && 
             data.name.size() > 0 &&
             data.uid == request.auth.uid;
    }

    function isValidItem(data) {
      return data.id is string && 
             data.name is string && 
             data.rate is number &&
             data.uid == request.auth.uid;
    }

    function isValidCompany(data) {
      return data.name is string && 
             data.uid == request.auth.uid;
    }

    // ===============================================================
    // Rules
    // ===============================================================

    match /invoices/{invoiceId} {
      allow read: if isDocOwner() || isAdmin();
      allow create: if isAuthenticated() && isValidInvoice(request.resource.data) && uidUnchanged();
      allow update: if isDocOwner() && isValidInvoice(request.resource.data) && uidNotModified();
      allow delete: if isDocOwner() || isAdmin();
    }

    match /proforma_invoices/{piId} {
      allow read: if isDocOwner() || isAdmin();
      allow create: if isAuthenticated() && isValidInvoice(request.resource.data) && uidUnchanged();
      allow update: if isDocOwner() && isValidInvoice(request.resource.data) && uidNotModified();
      allow delete: if isDocOwner() || isAdmin();
    }

    match /customers/{customerId} {
      allow read: if isDocOwner() || isAdmin();
      allow create: if isAuthenticated() && isValidCustomer(request.resource.data) && uidUnchanged();
      allow update: if isDocOwner() && isValidCustomer(request.resource.data) && uidNotModified();
      allow delete: if isDocOwner() || isAdmin();
    }

    match /items/{itemId} {
      allow read: if isDocOwner() || isAdmin();
      allow create: if isAuthenticated() && isValidItem(request.resource.data) && uidUnchanged();
      allow update: if isDocOwner() && isValidItem(request.resource.data) && uidNotModified();
      allow delete: if isDocOwner() || isAdmin();
    }

    match /quotations/{quotationId} {
      allow read: if isDocOwner() || isAdmin();
      allow create: if isAuthenticated() && isValidInvoice(request.resource.data) && uidUnchanged();
      allow update: if isDocOwner() && isValidInvoice(request.resource.data) && uidNotModified();
      allow delete: if isDocOwner() || isAdmin();
    }

    match /company/{userId} {
      allow read: if isOwner(userId) || isAdmin();
      allow create: if isOwner(userId) && isValidCompany(request.resource.data) && uidUnchanged();
      allow update: if isOwner(userId) && isValidCompany(request.resource.data) && uidNotModified();
      allow delete: if isAdmin();
    }

    // Default deny
    match /{path=**} {
      allow read, write: if false;
    }
  }
}
